// !$*UTF8*$!
{
	archiveVersion = 1;
	classes = {
	};
	objectVersion = 48;
	objects = {

/* Begin PBXBuildFile section */
		46EC01F3200300D600D93009 /* AppDelegate.swift in Sources */ = {isa = PBXBuildFile; fileRef = 46EC01F2200300D600D93009 /* AppDelegate.swift */; };
		46EC01F5200300D600D93009 /* ViewController.swift in Sources */ = {isa = PBXBuildFile; fileRef = 46EC01F4200300D600D93009 /* ViewController.swift */; };
		46EC01F8200300D600D93009 /* Main.storyboard in Resources */ = {isa = PBXBuildFile; fileRef = 46EC01F6200300D600D93009 /* Main.storyboard */; };
		46EC01FA200300D600D93009 /* Assets.xcassets in Resources */ = {isa = PBXBuildFile; fileRef = 46EC01F9200300D600D93009 /* Assets.xcassets */; };
		46EC01FD200300D600D93009 /* LaunchScreen.storyboard in Resources */ = {isa = PBXBuildFile; fileRef = 46EC01FB200300D600D93009 /* LaunchScreen.storyboard */; };
		46EC0208200300D700D93009 /* DyLiveTests.swift in Sources */ = {isa = PBXBuildFile; fileRef = 46EC0207200300D700D93009 /* DyLiveTests.swift */; };
		8BE9CB54F942AC58FBFC38AB /* Pods_DyLiveTests.framework in Frameworks */ = {isa = PBXBuildFile; fileRef = F645030DBB75D7B411F7B3DC /* Pods_DyLiveTests.framework */; };
		D81AF5472B57B3396B3E2F17 /* Pods_DyLive.framework in Frameworks */ = {isa = PBXBuildFile; fileRef = 40090A717E0A13D3E267DF0C /* Pods_DyLive.framework */; };
/* End PBXBuildFile section */

/* Begin PBXContainerItemProxy section */
		46EC0204200300D700D93009 /* PBXContainerItemProxy */ = {
			isa = PBXContainerItemProxy;
			containerPortal = 46EC01E7200300D600D93009 /* Project object */;
			proxyType = 1;
			remoteGlobalIDString = 46EC01EE200300D600D93009;
			remoteInfo = DyLive;
		};
/* End PBXContainerItemProxy section */

/* Begin PBXFileReference section */
		207B3F0B7A6BBE4939531744 /* Pods-DyLive.debug.xcconfig */ = {isa = PBXFileReference; includeInIndex = 1; lastKnownFileType = text.xcconfig; name = "Pods-DyLive.debug.xcconfig"; path = "Pods/Target Support Files/Pods-DyLive/Pods-DyLive.debug.xcconfig"; sourceTree = "<group>"; };
		40090A717E0A13D3E267DF0C /* Pods_DyLive.framework */ = {isa = PBXFileReference; explicitFileType = wrapper.framework; includeInIndex = 0; path = Pods_DyLive.framework; sourceTree = BUILT_PRODUCTS_DIR; };
		46EC01EF200300D600D93009 /* DyLive.app */ = {isa = PBXFileReference; explicitFileType = wrapper.application; includeInIndex = 0; path = DyLive.app; sourceTree = BUILT_PRODUCTS_DIR; };
		46EC01F2200300D600D93009 /* AppDelegate.swift */ = {isa = PBXFileReference; lastKnownFileType = sourcecode.swift; path = AppDelegate.swift; sourceTree = "<group>"; };
		46EC01F4200300D600D93009 /* ViewController.swift */ = {isa = PBXFileReference; lastKnownFileType = sourcecode.swift; path = ViewController.swift; sourceTree = "<group>"; };
		46EC01F7200300D600D93009 /* Base */ = {isa = PBXFileReference; lastKnownFileType = file.storyboard; name = Base; path = Base.lproj/Main.storyboard; sourceTree = "<group>"; };
		46EC01F9200300D600D93009 /* Assets.xcassets */ = {isa = PBXFileReference; lastKnownFileType = folder.assetcatalog; path = Assets.xcassets; sourceTree = "<group>"; };
		46EC01FC200300D600D93009 /* Base */ = {isa = PBXFileReference; lastKnownFileType = file.storyboard; name = Base; path = Base.lproj/LaunchScreen.storyboard; sourceTree = "<group>"; };
		46EC01FE200300D600D93009 /* Info.plist */ = {isa = PBXFileReference; lastKnownFileType = text.plist.xml; path = Info.plist; sourceTree = "<group>"; };
		46EC0203200300D700D93009 /* DyLiveTests.xctest */ = {isa = PBXFileReference; explicitFileType = wrapper.cfbundle; includeInIndex = 0; path = DyLiveTests.xctest; sourceTree = BUILT_PRODUCTS_DIR; };
		46EC0207200300D700D93009 /* DyLiveTests.swift */ = {isa = PBXFileReference; lastKnownFileType = sourcecode.swift; path = DyLiveTests.swift; sourceTree = "<group>"; };
		46EC0209200300D700D93009 /* Info.plist */ = {isa = PBXFileReference; lastKnownFileType = text.plist.xml; path = Info.plist; sourceTree = "<group>"; };
		6272B4C00B323A2082FB8D31 /* Pods-DyLive.release.xcconfig */ = {isa = PBXFileReference; includeInIndex = 1; lastKnownFileType = text.xcconfig; name = "Pods-DyLive.release.xcconfig"; path = "Pods/Target Support Files/Pods-DyLive/Pods-DyLive.release.xcconfig"; sourceTree = "<group>"; };
		758975C7B4E4681B18F7A59F /* Pods-DyLiveTests.release.xcconfig */ = {isa = PBXFileReference; includeInIndex = 1; lastKnownFileType = text.xcconfig; name = "Pods-DyLiveTests.release.xcconfig"; path = "Pods/Target Support Files/Pods-DyLiveTests/Pods-DyLiveTests.release.xcconfig"; sourceTree = "<group>"; };
		AD47EA70EF959E219F7E86CC /* Pods-DyLiveTests.debug.xcconfig */ = {isa = PBXFileReference; includeInIndex = 1; lastKnownFileType = text.xcconfig; name = "Pods-DyLiveTests.debug.xcconfig"; path = "Pods/Target Support Files/Pods-DyLiveTests/Pods-DyLiveTests.debug.xcconfig"; sourceTree = "<group>"; };
		F645030DBB75D7B411F7B3DC /* Pods_DyLiveTests.framework */ = {isa = PBXFileReference; explicitFileType = wrapper.framework; includeInIndex = 0; path = Pods_DyLiveTests.framework; sourceTree = BUILT_PRODUCTS_DIR; };
/* End PBXFileReference section */

/* Begin PBXFrameworksBuildPhase section */
		46EC01EC200300D600D93009 /* Frameworks */ = {
			isa = PBXFrameworksBuildPhase;
			buildActionMask = 2147483647;
			files = (
				D81AF5472B57B3396B3E2F17 /* Pods_DyLive.framework in Frameworks */,
			);
			runOnlyForDeploymentPostprocessing = 0;
		};
		46EC0200200300D700D93009 /* Frameworks */ = {
			isa = PBXFrameworksBuildPhase;
			buildActionMask = 2147483647;
			files = (
				8BE9CB54F942AC58FBFC38AB /* Pods_DyLiveTests.framework in Frameworks */,
			);
			runOnlyForDeploymentPostprocessing = 0;
		};
/* End PBXFrameworksBuildPhase section */

/* Begin PBXGroup section */
		46EC01E6200300D600D93009 = {
			isa = PBXGroup;
			children = (
				46EC01F1200300D600D93009 /* DyLive */,
				46EC0206200300D700D93009 /* DyLiveTests */,
				46EC01F0200300D600D93009 /* Products */,
				49DAF09C0644B3F68BD58792 /* Pods */,
				F1C3938BFF0E46784508D7B0 /* Frameworks */,
			);
			sourceTree = "<group>";
		};
		46EC01F0200300D600D93009 /* Products */ = {
			isa = PBXGroup;
			children = (
				46EC01EF200300D600D93009 /* DyLive.app */,
				46EC0203200300D700D93009 /* DyLiveTests.xctest */,
			);
			name = Products;
			sourceTree = "<group>";
		};
		46EC01F1200300D600D93009 /* DyLive */ = {
			isa = PBXGroup;
			children = (
				46EC01F2200300D600D93009 /* AppDelegate.swift */,
				46EC01F4200300D600D93009 /* ViewController.swift */,
				46EC01F6200300D600D93009 /* Main.storyboard */,
				46EC01F9200300D600D93009 /* Assets.xcassets */,
				46EC01FB200300D600D93009 /* LaunchScreen.storyboard */,
				46EC01FE200300D600D93009 /* Info.plist */,
			);
			path = DyLive;
			sourceTree = "<group>";
		};
		46EC0206200300D700D93009 /* DyLiveTests */ = {
			isa = PBXGroup;
			children = (
				46EC0207200300D700D93009 /* DyLiveTests.swift */,
				46EC0209200300D700D93009 /* Info.plist */,
			);
			path = DyLiveTests;
			sourceTree = "<group>";
		};
		49DAF09C0644B3F68BD58792 /* Pods */ = {
			isa = PBXGroup;
			children = (
				207B3F0B7A6BBE4939531744 /* Pods-DyLive.debug.xcconfig */,
				6272B4C00B323A2082FB8D31 /* Pods-DyLive.release.xcconfig */,
				AD47EA70EF959E219F7E86CC /* Pods-DyLiveTests.debug.xcconfig */,
				758975C7B4E4681B18F7A59F /* Pods-DyLiveTests.release.xcconfig */,
			);
			name = Pods;
			sourceTree = "<group>";
		};
		F1C3938BFF0E46784508D7B0 /* Frameworks */ = {
			isa = PBXGroup;
			children = (
				40090A717E0A13D3E267DF0C /* Pods_DyLive.framework */,
				F645030DBB75D7B411F7B3DC /* Pods_DyLiveTests.framework */,
			);
			name = Frameworks;
			sourceTree = "<group>";
		};
/* End PBXGroup section */

/* Begin PBXNativeTarget section */
		46EC01EE200300D600D93009 /* DyLive */ = {
			isa = PBXNativeTarget;
			buildConfigurationList = 46EC020C200300D700D93009 /* Build configuration list for PBXNativeTarget "DyLive" */;
			buildPhases = (
				C089D68EFE708634D88D1BE7 /* [CP] Check Pods Manifest.lock */,
				46EC01EB200300D600D93009 /* Sources */,
				46EC01EC200300D600D93009 /* Frameworks */,
				46EC01ED200300D600D93009 /* Resources */,
				ADE1C02C614678936F423F2F /* [CP] Embed Pods Frameworks */,
				83B1BF1917A080CBF161FB37 /* [CP] Copy Pods Resources */,
			);
			buildRules = (
			);
			dependencies = (
			);
			name = DyLive;
			productName = DyLive;
			productReference = 46EC01EF200300D600D93009 /* DyLive.app */;
			productType = "com.apple.product-type.application";
		};
		46EC0202200300D700D93009 /* DyLiveTests */ = {
			isa = PBXNativeTarget;
			buildConfigurationList = 46EC020F200300D700D93009 /* Build configuration list for PBXNativeTarget "DyLiveTests" */;
			buildPhases = (
				633D6109A59E82B50C3B9705 /* [CP] Check Pods Manifest.lock */,
				46EC01FF200300D700D93009 /* Sources */,
				46EC0200200300D700D93009 /* Frameworks */,
				46EC0201200300D700D93009 /* Resources */,
				5038FCCE2F23A9D0810FE42A /* [CP] Embed Pods Frameworks */,
				9D52333A434C28A364EB28FE /* [CP] Copy Pods Resources */,
			);
			buildRules = (
			);
			dependencies = (
				46EC0205200300D700D93009 /* PBXTargetDependency */,
			);
			name = DyLiveTests;
			productName = DyLiveTests;
			productReference = 46EC0203200300D700D93009 /* DyLiveTests.xctest */;
			productType = "com.apple.product-type.bundle.unit-test";
		};
/* End PBXNativeTarget section */

/* Begin PBXProject section */
		46EC01E7200300D600D93009 /* Project object */ = {
			isa = PBXProject;
			attributes = {
				LastSwiftUpdateCheck = 0920;
				LastUpgradeCheck = 0920;
				ORGANIZATIONNAME = eugene;
				TargetAttributes = {
					46EC01EE200300D600D93009 = {
						CreatedOnToolsVersion = 9.2;
						ProvisioningStyle = Automatic;
					};
					46EC0202200300D700D93009 = {
						CreatedOnToolsVersion = 9.2;
						ProvisioningStyle = Automatic;
						TestTargetID = 46EC01EE200300D600D93009;
					};
				};
			};
			buildConfigurationList = 46EC01EA200300D600D93009 /* Build configuration list for PBXProject "DyLive" */;
			compatibilityVersion = "Xcode 8.0";
			developmentRegion = en;
			hasScannedForEncodings = 0;
			knownRegions = (
				en,
				Base,
			);
			mainGroup = 46EC01E6200300D600D93009;
			productRefGroup = 46EC01F0200300D600D93009 /* Products */;
			projectDirPath = "";
			projectRoot = "";
			targets = (
				46EC01EE200300D600D93009 /* DyLive */,
				46EC0202200300D700D93009 /* DyLiveTests */,
			);
		};
/* End PBXProject section */

/* Begin PBXResourcesBuildPhase section */
		46EC01ED200300D600D93009 /* Resources */ = {
			isa = PBXResourcesBuildPhase;
			buildActionMask = 2147483647;
			files = (
				46EC01FD200300D600D93009 /* LaunchScreen.storyboard in Resources */,
				46EC01FA200300D600D93009 /* Assets.xcassets in Resources */,
				46EC01F8200300D600D93009 /* Main.storyboard in Resources */,
			);
			runOnlyForDeploymentPostprocessing = 0;
		};
		46EC0201200300D700D93009 /* Resources */ = {
			isa = PBXResourcesBuildPhase;
			buildActionMask = 2147483647;
			files = (
			);
			runOnlyForDeploymentPostprocessing = 0;
		};
/* End PBXResourcesBuildPhase section */

/* Begin PBXShellScriptBuildPhase section */
		5038FCCE2F23A9D0810FE42A /* [CP] Embed Pods Frameworks */ = {
			isa = PBXShellScriptBuildPhase;
			buildActionMask = 2147483647;
			files = (
			);
			inputPaths = (
			);
			name = "[CP] Embed Pods Frameworks";
			outputPaths = (
			);
			runOnlyForDeploymentPostprocessing = 0;
			shellPath = /bin/sh;
			shellScript = "\"${SRCROOT}/Pods/Target Support Files/Pods-DyLiveTests/Pods-DyLiveTests-frameworks.sh\"\n";
			showEnvVarsInLog = 0;
		};
		633D6109A59E82B50C3B9705 /* [CP] Check Pods Manifest.lock */ = {
			isa = PBXShellScriptBuildPhase;
			buildActionMask = 2147483647;
			files = (
			);
			inputPaths = (
				"${PODS_PODFILE_DIR_PATH}/Podfile.lock",
				"${PODS_ROOT}/Manifest.lock",
			);
			name = "[CP] Check Pods Manifest.lock";
			outputPaths = (
				"$(DERIVED_FILE_DIR)/Pods-DyLiveTests-checkManifestLockResult.txt",
			);
			runOnlyForDeploymentPostprocessing = 0;
			shellPath = /bin/sh;
			shellScript = "diff \"${PODS_PODFILE_DIR_PATH}/Podfile.lock\" \"${PODS_ROOT}/Manifest.lock\" > /dev/null\nif [ $? != 0 ] ; then\n    # print error to STDERR\n    echo \"error: The sandbox is not in sync with the Podfile.lock. Run 'pod install' or update your CocoaPods installation.\" >&2\n    exit 1\nfi\n# This output is used by Xcode 'outputs' to avoid re-running this script phase.\necho \"SUCCESS\" > \"${SCRIPT_OUTPUT_FILE_0}\"\n";
			showEnvVarsInLog = 0;
		};
		83B1BF1917A080CBF161FB37 /* [CP] Copy Pods Resources */ = {
			isa = PBXShellScriptBuildPhase;
			buildActionMask = 2147483647;
			files = (
			);
			inputPaths = (
			);
			name = "[CP] Copy Pods Resources";
			outputPaths = (
			);
			runOnlyForDeploymentPostprocessing = 0;
			shellPath = /bin/sh;
			shellScript = "\"${SRCROOT}/Pods/Target Support Files/Pods-DyLive/Pods-DyLive-resources.sh\"\n";
			showEnvVarsInLog = 0;
		};
		9D52333A434C28A364EB28FE /* [CP] Copy Pods Resources */ = {
			isa = PBXShellScriptBuildPhase;
			buildActionMask = 2147483647;
			files = (
			);
			inputPaths = (
			);
			name = "[CP] Copy Pods Resources";
			outputPaths = (
			);
			runOnlyForDeploymentPostprocessing = 0;
			shellPath = /bin/sh;
			shellScript = "\"${SRCROOT}/Pods/Target Support Files/Pods-DyLiveTests/Pods-DyLiveTests-resources.sh\"\n";
			showEnvVarsInLog = 0;
		};
		ADE1C02C614678936F423F2F /* [CP] Embed Pods Frameworks */ = {
			isa = PBXShellScriptBuildPhase;
			buildActionMask = 2147483647;
			files = (
			);
			inputPaths = (
			);
			name = "[CP] Embed Pods Frameworks";
			outputPaths = (
			);
			runOnlyForDeploymentPostprocessing = 0;
			shellPath = /bin/sh;
			shellScript = "\"${SRCROOT}/Pods/Target Support Files/Pods-DyLive/Pods-DyLive-frameworks.sh\"\n";
			showEnvVarsInLog = 0;
		};
		C089D68EFE708634D88D1BE7 /* [CP] Check Pods Manifest.lock */ = {
			isa = PBXShellScriptBuildPhase;
			buildActionMask = 2147483647;
			files = (
			);
			inputPaths = (
				"${PODS_PODFILE_DIR_PATH}/Podfile.lock",
				"${PODS_ROOT}/Manifest.lock",
			);
			name = "[CP] Check Pods Manifest.lock";
			outputPaths = (
				"$(DERIVED_FILE_DIR)/Pods-DyLive-checkManifestLockResult.txt",
			);
			runOnlyForDeploymentPostprocessing = 0;
			shellPath = /bin/sh;
			shellScript = "diff \"${PODS_PODFILE_DIR_PATH}/Podfile.lock\" \"${PODS_ROOT}/Manifest.lock\" > /dev/null\nif [ $? != 0 ] ; then\n    # print error to STDERR\n    echo \"error: The sandbox is not in sync with the Podfile.lock. Run 'pod install' or update your CocoaPods installation.\" >&2\n    exit 1\nfi\n# This output is used by Xcode 'outputs' to avoid re-running this script phase.\necho \"SUCCESS\" > \"${SCRIPT_OUTPUT_FILE_0}\"\n";
			showEnvVarsInLog = 0;
		};
/* End PBXShellScriptBuildPhase section */

/* Begin PBXSourcesBuildPhase section */
		46EC01EB200300D600D93009 /* Sources */ = {
			isa = PBXSourcesBuildPhase;
			buildActionMask = 2147483647;
			files = (
				46EC01F5200300D600D93009 /* ViewController.swift in Sources */,
				46EC01F3200300D600D93009 /* AppDelegate.swift in Sources */,
			);
			runOnlyForDeploymentPostprocessing = 0;
		};
		46EC01FF200300D700D93009 /* Sources */ = {
			isa = PBXSourcesBuildPhase;
			buildActionMask = 2147483647;
			files = (
				46EC0208200300D700D93009 /* DyLiveTests.swift in Sources */,
			);
			runOnlyForDeploymentPostprocessing = 0;
		};
/* End PBXSourcesBuildPhase section */

/* Begin PBXTargetDependency section */
		46EC0205200300D700D93009 /* PBXTargetDependency */ = {
			isa = PBXTargetDependency;
			target = 46EC01EE200300D600D93009 /* DyLive */;
			targetProxy = 46EC0204200300D700D93009 /* PBXContainerItemProxy */;
		};
/* End PBXTargetDependency section */

/* Begin PBXVariantGroup section */
		46EC01F6200300D600D93009 /* Main.storyboard */ = {
			isa = PBXVariantGroup;
			children = (
				46EC01F7200300D600D93009 /* Base */,
			);
			name = Main.storyboard;
			sourceTree = "<group>";
		};
		46EC01FB200300D600D93009 /* LaunchScreen.storyboard */ = {
			isa = PBXVariantGroup;
			children = (
				46EC01FC200300D600D93009 /* Base */,
			);
			name = LaunchScreen.storyboard;
			sourceTree = "<group>";
		};
/* End PBXVariantGroup section */

/* Begin XCBuildConfiguration section */
		46EC020A200300D700D93009 /* Debug */ = {
			isa = XCBuildConfiguration;
			buildSettings = {
				ALWAYS_SEARCH_USER_PATHS = NO;
				CLANG_ANALYZER_NONNULL = YES;
				CLANG_ANALYZER_NUMBER_OBJECT_CONVERSION = YES_AGGRESSIVE;
				CLANG_CXX_LANGUAGE_STANDARD = "gnu++14";
				CLANG_CXX_LIBRARY = "libc++";
				CLANG_ENABLE_MODULES = YES;
				CLANG_ENABLE_OBJC_ARC = YES;
				CLANG_WARN_BLOCK_CAPTURE_AUTORELEASING = YES;
				CLANG_WARN_BOOL_CONVERSION = YES;
				CLANG_WARN_COMMA = YES;
				CLANG_WARN_CONSTANT_CONVERSION = YES;
				CLANG_WARN_DIRECT_OBJC_ISA_USAGE = YES_ERROR;
				CLANG_WARN_DOCUMENTATION_COMMENTS = YES;
				CLANG_WARN_EMPTY_BODY = YES;
				CLANG_WARN_ENUM_CONVERSION = YES;
				CLANG_WARN_INFINITE_RECURSION = YES;
				CLANG_WARN_INT_CONVERSION = YES;
				CLANG_WARN_NON_LITERAL_NULL_CONVERSION = YES;
				CLANG_WARN_OBJC_LITERAL_CONVERSION = YES;
				CLANG_WARN_OBJC_ROOT_CLASS = YES_ERROR;
				CLANG_WARN_RANGE_LOOP_ANALYSIS = YES;
				CLANG_WARN_STRICT_PROTOTYPES = YES;
				CLANG_WARN_SUSPICIOUS_MOVE = YES;
				CLANG_WARN_UNGUARDED_AVAILABILITY = YES_AGGRESSIVE;
				CLANG_WARN_UNREACHABLE_CODE = YES;
				CLANG_WARN__DUPLICATE_METHOD_MATCH = YES;
				CODE_SIGN_IDENTITY = "iPhone Developer";
				COPY_PHASE_STRIP = NO;
				DEBUG_INFORMATION_FORMAT = dwarf;
				ENABLE_STRICT_OBJC_MSGSEND = YES;
				ENABLE_TESTABILITY = YES;
				GCC_C_LANGUAGE_STANDARD = gnu11;
				GCC_DYNAMIC_NO_PIC = NO;
				GCC_NO_COMMON_BLOCKS = YES;
				GCC_OPTIMIZATION_LEVEL = 0;
				GCC_PREPROCESSOR_DEFINITIONS = (
					"DEBUG=1",
					"$(inherited)",
				);
				GCC_WARN_64_TO_32_BIT_CONVERSION = YES;
				GCC_WARN_ABOUT_RETURN_TYPE = YES_ERROR;
				GCC_WARN_UNDECLARED_SELECTOR = YES;
				GCC_WARN_UNINITIALIZED_AUTOS = YES_AGGRESSIVE;
				GCC_WARN_UNUSED_FUNCTION = YES;
				GCC_WARN_UNUSED_VARIABLE = YES;
				IPHONEOS_DEPLOYMENT_TARGET = 11.2;
				MTL_ENABLE_DEBUG_INFO = YES;
				ONLY_ACTIVE_ARCH = YES;
				SDKROOT = iphoneos;
				SWIFT_ACTIVE_COMPILATION_CONDITIONS = DEBUG;
				SWIFT_OPTIMIZATION_LEVEL = "-Onone";
			};
			name = Debug;
		};
		46EC020B200300D700D93009 /* Release */ = {
			isa = XCBuildConfiguration;
			buildSettings = {
				ALWAYS_SEARCH_USER_PATHS = NO;
				CLANG_ANALYZER_NONNULL = YES;
				CLANG_ANALYZER_NUMBER_OBJECT_CONVERSION = YES_AGGRESSIVE;
				CLANG_CXX_LANGUAGE_STANDARD = "gnu++14";
				CLANG_CXX_LIBRARY = "libc++";
				CLANG_ENABLE_MODULES = YES;
				CLANG_ENABLE_OBJC_ARC = YES;
				CLANG_WARN_BLOCK_CAPTURE_AUTORELEASING = YES;
				CLANG_WARN_BOOL_CONVERSION = YES;
				CLANG_WARN_COMMA = YES;
				CLANG_WARN_CONSTANT_CONVERSION = YES;
				CLANG_WARN_DIRECT_OBJC_ISA_USAGE = YES_ERROR;
				CLANG_WARN_DOCUMENTATION_COMMENTS = YES;
				CLANG_WARN_EMPTY_BODY = YES;
				CLANG_WARN_ENUM_CONVERSION = YES;
				CLANG_WARN_INFINITE_RECURSION = YES;
				CLANG_WARN_INT_CONVERSION = YES;
				CLANG_WARN_NON_LITERAL_NULL_CONVERSION = YES;
				CLANG_WARN_OBJC_LITERAL_CONVERSION = YES;
				CLANG_WARN_OBJC_ROOT_CLASS = YES_ERROR;
				CLANG_WARN_RANGE_LOOP_ANALYSIS = YES;
				CLANG_WARN_STRICT_PROTOTYPES = YES;
				CLANG_WARN_SUSPICIOUS_MOVE = YES;
				CLANG_WARN_UNGUARDED_AVAILABILITY = YES_AGGRESSIVE;
				CLANG_WARN_UNREACHABLE_CODE = YES;
				CLANG_WARN__DUPLICATE_METHOD_MATCH = YES;
				CODE_SIGN_IDENTITY = "iPhone Developer";
				COPY_PHASE_STRIP = NO;
				DEBUG_INFORMATION_FORMAT = "dwarf-with-dsym";
				ENABLE_NS_ASSERTIONS = NO;
				ENABLE_STRICT_OBJC_MSGSEND = YES;
				GCC_C_LANGUAGE_STANDARD = gnu11;
				GCC_NO_COMMON_BLOCKS = YES;
				GCC_WARN_64_TO_32_BIT_CONVERSION = YES;
				GCC_WARN_ABOUT_RETURN_TYPE = YES_ERROR;
				GCC_WARN_UNDECLARED_SELECTOR = YES;
				GCC_WARN_UNINITIALIZED_AUTOS = YES_AGGRESSIVE;
				GCC_WARN_UNUSED_FUNCTION = YES;
				GCC_WARN_UNUSED_VARIABLE = YES;
				IPHONEOS_DEPLOYMENT_TARGET = 11.2;
				MTL_ENABLE_DEBUG_INFO = NO;
				SDKROOT = iphoneos;
				SWIFT_OPTIMIZATION_LEVEL = "-Owholemodule";
				VALIDATE_PRODUCT = YES;
			};
			name = Release;
		};
		46EC020D200300D700D93009 /* Debug */ = {
			isa = XCBuildConfiguration;
			baseConfigurationReference = 207B3F0B7A6BBE4939531744 /* Pods-DyLive.debug.xcconfig */;
			buildSettings = {
				ASSETCATALOG_COMPILER_APPICON_NAME = AppIcon;
				CODE_SIGN_STYLE = Automatic;
				DEVELOPMENT_TEAM = KGVVS32GX9;
				INFOPLIST_FILE = DyLive/Info.plist;
				IPHONEOS_DEPLOYMENT_TARGET = 9.0;
				LD_RUNPATH_SEARCH_PATHS = "$(inherited) @executable_path/Frameworks";
				PRODUCT_BUNDLE_IDENTIFIER = eugene.DyLive;
				PRODUCT_NAME = "$(TARGET_NAME)";
				SWIFT_VERSION = 4.0;
				TARGETED_DEVICE_FAMILY = "1,2";
			};
			name = Debug;
		};
		46EC020E200300D700D93009 /* Release */ = {
			isa = XCBuildConfiguration;
			baseConfigurationReference = 6272B4C00B323A2082FB8D31 /* Pods-DyLive.release.xcconfig */;
			buildSettings = {
				ASSETCATALOG_COMPILER_APPICON_NAME = AppIcon;
				CODE_SIGN_STYLE = Automatic;
				DEVELOPMENT_TEAM = KGVVS32GX9;
				INFOPLIST_FILE = DyLive/Info.plist;
				IPHONEOS_DEPLOYMENT_TARGET = 9.0;
				LD_RUNPATH_SEARCH_PATHS = "$(inherited) @executable_path/Frameworks";
				PRODUCT_BUNDLE_IDENTIFIER = eugene.DyLive;
				PRODUCT_NAME = "$(TARGET_NAME)";
				SWIFT_VERSION = 4.0;
				TARGETED_DEVICE_FAMILY = "1,2";
			};
			name = Release;
		};
		46EC0210200300D700D93009 /* Debug */ = {
			isa = XCBuildConfiguration;
			baseConfigurationReference = AD47EA70EF959E219F7E86CC /* Pods-DyLiveTests.debug.xcconfig */;
			buildSettings = {
				ALWAYS_EMBED_SWIFT_STANDARD_LIBRARIES = YES;
				BUNDLE_LOADER = "$(TEST_HOST)";
				CODE_SIGN_STYLE = Automatic;
				DEVELOPMENT_TEAM = Y4NQX93L45;
				INFOPLIST_FILE = DyLiveTests/Info.plist;
				LD_RUNPATH_SEARCH_PATHS = "$(inherited) @executable_path/Frameworks @loader_path/Frameworks";
				PRODUCT_BUNDLE_IDENTIFIER = eugene.DyLiveTests;
				PRODUCT_NAME = "$(TARGET_NAME)";
				SWIFT_VERSION = 4.0;
				TARGETED_DEVICE_FAMILY = "1,2";
				TEST_HOST = "$(BUILT_PRODUCTS_DIR)/DyLive.app/DyLive";
			};
			name = Debug;
		};
		46EC0211200300D700D93009 /* Release */ = {
			isa = XCBuildConfiguration;
			baseConfigurationReference = 758975C7B4E4681B18F7A59F /* Pods-DyLiveTests.release.xcconfig */;
			buildSettings = {
				ALWAYS_EMBED_SWIFT_STANDARD_LIBRARIES = YES;
				BUNDLE_LOADER = "$(TEST_HOST)";
				CODE_SIGN_STYLE = Automatic;
				DEVELOPMENT_TEAM = Y4NQX93L45;
				INFOPLIST_FILE = DyLiveTests/Info.plist;
				LD_RUNPATH_SEARCH_PATHS = "$(inherited) @executable_path/Frameworks @loader_path/Frameworks";
				PRODUCT_BUNDLE_IDENTIFIER = eugene.DyLiveTests;
				PRODUCT_NAME = "$(TARGET_NAME)";
				SWIFT_VERSION = 4.0;
				TARGETED_DEVICE_FAMILY = "1,2";
				TEST_HOST = "$(BUILT_PRODUCTS_DIR)/DyLive.app/DyLive";
			};
			name = Release;
		};
/* End XCBuildConfiguration section */

/* Begin XCConfigurationList section */
		46EC01EA200300D600D93009 /* Build configuration list for PBXProject "DyLive" */ = {
			isa = XCConfigurationList;
			buildConfigurations = (
				46EC020A200300D700D93009 /* Debug */,
				46EC020B200300D700D93009 /* Release */,
			);
			defaultConfigurationIsVisible = 0;
			defaultConfigurationName = Release;
		};
		46EC020C200300D700D93009 /* Build configuration list for PBXNativeTarget "DyLive" */ = {
			isa = XCConfigurationList;
			buildConfigurations = (
				46EC020D200300D700D93009 /* Debug */,
				46EC020E200300D700D93009 /* Release */,
			);
			defaultConfigurationIsVisible = 0;
			defaultConfigurationName = Release;
		};
		46EC020F200300D700D93009 /* Build configuration list for PBXNativeTarget "DyLiveTests" */ = {
			isa = XCConfigurationList;
			buildConfigurations = (
				46EC0210200300D700D93009 /* Debug */,
				46EC0211200300D700D93009 /* Release */,
			);
			defaultConfigurationIsVisible = 0;
			defaultConfigurationName = Release;
		};
/* End XCConfigurationList section */
	};
	rootObject = 46EC01E7200300D600D93009 /* Project object */;
}
